<?xml version="1.0" encoding="utf-8"?>
<Project ToolsVersion="4.0" xmlns="http://schemas.microsoft.com/developer/msbuild/2003">
  <ItemGroup>
    <Filter Include="ソース ファイル">
      <UniqueIdentifier>{4FC737F1-C7A5-4376-A066-2A32D752A2FF}</UniqueIdentifier>
      <Extensions>cpp;c;cc;cxx;def;odl;idl;hpj;bat;asm;asmx</Extensions>
    </Filter>
    <Filter Include="ヘッダー ファイル">
      <UniqueIdentifier>{93995380-89BD-4b04-88EB-625FBE52EBFB}</UniqueIdentifier>
      <Extensions>h;hh;hpp;hxx;hm;inl;inc;xsd</Extensions>
    </Filter>
    <Filter Include="リソース ファイル">
      <UniqueIdentifier>{67DA6AB6-F800-4c08-8B7A-83BB121AAD01}</UniqueIdentifier>
      <Extensions>rc;ico;cur;bmp;dlg;rc2;rct;bin;rgs;gif;jpg;jpeg;jpe;resx;tiff;tif;png;wav;mfcribbon-ms</Extensions>
    </Filter>
  </ItemGroup>
  <ItemGroup>
    <ClCompile Include="main.c">
      <Filter>ソース ファイル</Filter>
    </ClCompile>
    <ClCompile Include="debug_msgmng\task_n\task_n.c">
      <Filter>ソース ファイル</Filter>
    </ClCompile>
    <ClCompile Include="debug_msgmng\msg_com\msg_com.c">
      <Filter>ソース ファイル</Filter>
    </ClCompile>
    <ClCompile Include="debug_msgmng\task_nm\task_nm.c">
      <Filter>ソース ファイル</Filter>
    </ClCompile>
    <ClCompile Include="debug_msgmng\task_exm\task_exm.c">
      <Filter>ソース ファイル</Filter>
    </ClCompile>
    <ClCompile Include="debug_msgmng\task_mnt\task_mnt.c">
      <Filter>ソース ファイル</Filter>
    </ClCompile>
    <ClCompile Include="debug_msgmng\task_mnt\task_mnt_send.c">
      <Filter>ソース ファイル</Filter>
    </ClCompile>
    <ClCompile Include="debug_msgmng\task_mnt\task_mnt_recv.c">
      <Filter>ソース ファイル</Filter>
    </ClCompile>
    <ClCompile Include="debug_msgmng\task_exm\task_exm_recv.c">
      <Filter>ソース ファイル</Filter>
    </ClCompile>
    <ClCompile Include="debug_msgmng\task_exm\task_exm_send.c">
      <Filter>ソース ファイル</Filter>
    </ClCompile>
    <ClCompile Include="debug_msgmng\task_nm\task_nm_recv.c">
      <Filter>ソース ファイル</Filter>
    </ClCompile>
    <ClCompile Include="debug_msgmng\task_nm\task_nm_send.c">
      <Filter>ソース ファイル</Filter>
    </ClCompile>
    <ClCompile Include="debug_msgmng\task_n\task_n_recv.c">
      <Filter>ソース ファイル</Filter>
    </ClCompile>
    <ClCompile Include="debug_msgmng\task_n\task_n_send.c">
      <Filter>ソース ファイル</Filter>
    </ClCompile>
    <ClCompile Include="debug_msgmng\task_main\task_main_recv.c">
      <Filter>ソース ファイル</Filter>
    </ClCompile>
    <ClCompile Include="debug_msgmng\task_main\task_main_send.c">
      <Filter>ソース ファイル</Filter>
    </ClCompile>
    <ClCompile Include="debug_msgmng\task_main\task_main.c">
      <Filter>ソース ファイル</Filter>
    </ClCompile>
    <ClCompile Include="debug_msgmng\debug_if\fileio\fileio.c">
      <Filter>ソース ファイル</Filter>
    </ClCompile>
  </ItemGroup>
  <ItemGroup>
    <ClInclude Include="main.h">
      <Filter>ヘッダー ファイル</Filter>
    </ClInclude>
    <ClInclude Include="debug_msgmng\task_n\task_n.h">
      <Filter>ヘッダー ファイル</Filter>
    </ClInclude>
    <ClInclude Include="debug_msgmng\msg_com\msg_com.h">
      <Filter>ヘッダー ファイル</Filter>
    </ClInclude>
    <ClInclude Include="debug_msgmng\msg_com\msg_id.h">
      <Filter>ヘッダー ファイル</Filter>
    </ClInclude>
    <ClInclude Include="debug_msgmng\task_nm\task_nm.h">
      <Filter>ヘッダー ファイル</Filter>
    </ClInclude>
    <ClInclude Include="debug_msgmng\task_exm\task_exm.h">
      <Filter>ヘッダー ファイル</Filter>
    </ClInclude>
    <ClInclude Include="debug_msgmng\task_mnt\task_mnt.h">
      <Filter>ヘッダー ファイル</Filter>
    </ClInclude>
    <ClInclude Include="debug_msgmng\task_mnt\task_mnt_recv.h">
      <Filter>ヘッダー ファイル</Filter>
    </ClInclude>
    <ClInclude Include="debug_msgmng\task_mnt\task_mnt_send.h">
      <Filter>ヘッダー ファイル</Filter>
    </ClInclude>
    <ClInclude Include="debug_msgmng\task_exm\task_exm_recv.h">
      <Filter>ヘッダー ファイル</Filter>
    </ClInclude>
    <ClInclude Include="debug_msgmng\task_exm\task_exm_send.h">
      <Filter>ヘッダー ファイル</Filter>
    </ClInclude>
    <ClInclude Include="debug_msgmng\task_nm\task_nm_recv.h">
      <Filter>ヘッダー ファイル</Filter>
    </ClInclude>
    <ClInclude Include="debug_msgmng\task_nm\task_nm_send.h">
      <Filter>ヘッダー ファイル</Filter>
    </ClInclude>
    <ClInclude Include="debug_msgmng\task_n\task_n_recv.h">
      <Filter>ヘッダー ファイル</Filter>
    </ClInclude>
    <ClInclude Include="debug_msgmng\task_n\task_n_send.h">
      <Filter>ヘッダー ファイル</Filter>
    </ClInclude>
    <ClInclude Include="debug_msgmng\task_main\task_main_recv.h">
      <Filter>ヘッダー ファイル</Filter>
    </ClInclude>
    <ClInclude Include="debug_msgmng\task_main\task_main_send.h">
      <Filter>ヘッダー ファイル</Filter>
    </ClInclude>
    <ClInclude Include="debug_msgmng\task_main\task_main.h">
      <Filter>ヘッダー ファイル</Filter>
    </ClInclude>
    <ClInclude Include="debug_msgmng\debug_if\fileio\fileio.h">
      <Filter>ヘッダー ファイル</Filter>
    </ClInclude>
  </ItemGroup>
</Project>